
Microsoft Visual Studio Solution File, Format Version 12.00
# Visual Studio Version 16
VisualStudioVersion = 16.0.31229.75
MinimumVisualStudioVersion = 10.0.40219.1
Project("{FAE04EC0-301F-11D3-BF4B-00C04F79EFBC}") = "TestWeek2", "TestWeek2\TestWeek2.csproj", "{13E51BD7-A363-4C03-A9E1-DE767B9962C2}"
EndProject
Global
	GlobalSection(SolutionConfigurationPlatforms) = preSolution
		Debug|Any CPU = Debug|Any CPU
		Release|Any CPU = Release|Any CPU
	EndGlobalSection
	GlobalSection(ProjectConfigurationPlatforms) = postSolution
		{13E51BD7-A363-4C03-A9E1-DE767B9962C2}.Debug|Any CPU.ActiveCfg = Debug|Any CPU
		{13E51BD7-A363-4C03-A9E1-DE767B9962C2}.Debug|Any CPU.Build.0 = Debug|Any CPU
		{13E51BD7-A363-4C03-A9E1-DE767B9962C2}.Release|Any CPU.ActiveCfg = Release|Any CPU
		{13E51BD7-A363-4C03-A9E1-DE767B9962C2}.Release|Any CPU.Build.0 = Release|Any CPU
	EndGlobalSection
	GlobalSection(SolutionProperties) = preSolution
		HideSolutionNode = FALSE
	EndGlobalSection
	GlobalSection(ExtensibilityGlobals) = postSolution
		SolutionGuid = {F67BB8E2-BB2C-4A41-A70A-EA8083E714E2}
	EndGlobalSection
EndGlobal
